
Microsoft Visual Studio Solution File, Format Version 12.00
# Visual Studio 2013
VisualStudioVersion = 12.0.31101.0
MinimumVisualStudioVersion = 10.0.40219.1
Project("{888888A0-9F3D-457C-B088-3A5042F75D52}") = "Scripts", "Scripts.pyproj", "{AE56F243-983F-4DE7-9B35-06377AA2B1BE}"
EndProject
Global
	GlobalSection(SolutionConfigurationPlatforms) = preSolution
		Debug|Any CPU = Debug|Any CPU
		Release|Any CPU = Release|Any CPU
	EndGlobalSection
	GlobalSection(ProjectConfigurationPlatforms) = postSolution
		{AE56F243-983F-4DE7-9B35-06377AA2B1BE}.Debug|Any CPU.ActiveCfg = Debug|Any CPU
		{AE56F243-983F-4DE7-9B35-06377AA2B1BE}.Debug|Any CPU.Build.0 = Debug|Any CPU
		{AE56F243-983F-4DE7-9B35-06377AA2B1BE}.Release|Any CPU.ActiveCfg = Release|Any CPU
		{AE56F243-983F-4DE7-9B35-06377AA2B1BE}.Release|Any CPU.Build.0 = Release|Any CPU
	EndGlobalSection
	GlobalSection(SolutionProperties) = preSolution
		HideSolutionNode = FALSE
	EndGlobalSection
EndGlobal
